
Microsoft Visual Studio Solution File, Format Version 12.00
# Visual Studio 15
VisualStudioVersion = 15.0.28010.2046
MinimumVisualStudioVersion = 10.0.40219.1
Project("{FAE04EC0-301F-11D3-BF4B-00C04F79EFBC}") = "Dijkstra", "Dijkstra\Dijkstra.csproj", "{C30FAE40-67F0-475F-9A70-C85D875BAF43}"
EndProject
Project("{FAE04EC0-301F-11D3-BF4B-00C04F79EFBC}") = "UnitTestProject1", "UnitTestProject1\UnitTestProject1.csproj", "{03B070B2-55DB-4CE3-B251-00435F31F4AD}"
EndProject
Global
	GlobalSection(SolutionConfigurationPlatforms) = preSolution
		Debug|Any CPU = Debug|Any CPU
		Release|Any CPU = Release|Any CPU
	EndGlobalSection
	GlobalSection(ProjectConfigurationPlatforms) = postSolution
		{C30FAE40-67F0-475F-9A70-C85D875BAF43}.Debug|Any CPU.ActiveCfg = Debug|Any CPU
		{C30FAE40-67F0-475F-9A70-C85D875BAF43}.Debug|Any CPU.Build.0 = Debug|Any CPU
		{C30FAE40-67F0-475F-9A70-C85D875BAF43}.Release|Any CPU.ActiveCfg = Release|Any CPU
		{C30FAE40-67F0-475F-9A70-C85D875BAF43}.Release|Any CPU.Build.0 = Release|Any CPU
		{03B070B2-55DB-4CE3-B251-00435F31F4AD}.Debug|Any CPU.ActiveCfg = Debug|Any CPU
		{03B070B2-55DB-4CE3-B251-00435F31F4AD}.Debug|Any CPU.Build.0 = Debug|Any CPU
		{03B070B2-55DB-4CE3-B251-00435F31F4AD}.Release|Any CPU.ActiveCfg = Release|Any CPU
		{03B070B2-55DB-4CE3-B251-00435F31F4AD}.Release|Any CPU.Build.0 = Release|Any CPU
	EndGlobalSection
	GlobalSection(SolutionProperties) = preSolution
		HideSolutionNode = FALSE
	EndGlobalSection
	GlobalSection(ExtensibilityGlobals) = postSolution
		SolutionGuid = {28278967-4FC7-40EC-8B76-34BBC5964B72}
	EndGlobalSection
EndGlobal
